{
    "version": 3,
    "terraform_version": "0.10.4",
    "serial": 4,
    "lineage": "75f3b5f7-43ea-4dff-880b-bd3db9f6fc89",
    "modules": [
        {
            "path": [
                "root"
            ],
            "outputs": {},
            "resources": {
                "aws_instance.masternode": {
                    "type": "aws_instance",
                    "depends_on": [
                        "aws_security_group.swarm_sg",
                        "aws_subnet.mngmt_public_subnet"
                    ],
                    "primary": {
                        "id": "i-0ebb827375bd84995",
                        "attributes": {
                            "ami": "ami-a01dc6ce",
                            "associate_public_ip_address": "true",
                            "availability_zone": "ap-northeast-2a",
                            "disable_api_termination": "false",
                            "ebs_block_device.#": "0",
                            "ebs_optimized": "false",
                            "ephemeral_block_device.#": "0",
                            "iam_instance_profile": "",
                            "id": "i-0ebb827375bd84995",
                            "instance_state": "running",
                            "instance_type": "m4.xlarge",
                            "ipv6_addresses.#": "0",
                            "key_name": "",
                            "monitoring": "false",
                            "network_interface.#": "0",
                            "network_interface_id": "eni-0255535e",
                            "primary_network_interface_id": "eni-0255535e",
                            "private_dns": "ip-10-0-1-115.ap-northeast-2.compute.internal",
                            "private_ip": "10.0.1.115",
                            "public_dns": "",
                            "public_ip": "13.124.88.203",
                            "root_block_device.#": "1",
                            "root_block_device.0.delete_on_termination": "true",
                            "root_block_device.0.iops": "600",
                            "root_block_device.0.volume_size": "200",
                            "root_block_device.0.volume_type": "gp2",
                            "security_groups.#": "0",
                            "source_dest_check": "true",
                            "subnet_id": "subnet-1e9a4376",
                            "tags.%": "1",
                            "tags.Name": "swarm-master",
                            "tenancy": "default",
                            "volume_tags.%": "0",
                            "vpc_security_group_ids.#": "1",
                            "vpc_security_group_ids.3794396278": "sg-ae8562c5"
                        },
                        "meta": {
                            "e2bfb730-ecaa-11e6-8f88-34363bc7c4c0": {
                                "create": 600000000000,
                                "delete": 600000000000,
                                "update": 600000000000
                            },
                            "schema_version": "1"
                        },
                        "tainted": false
                    },
                    "deposed": [],
                    "provider": ""
                },
                "aws_instance.workernode1": {
                    "type": "aws_instance",
                    "depends_on": [
                        "aws_instance.masternode",
                        "aws_security_group.swarm_sg",
                        "aws_subnet.mngmt_public_subnet"
                    ],
                    "primary": {
                        "id": "i-020b4f764009101d1",
                        "attributes": {
                            "ami": "ami-a01dc6ce",
                            "associate_public_ip_address": "true",
                            "availability_zone": "ap-northeast-2a",
                            "disable_api_termination": "false",
                            "ebs_block_device.#": "0",
                            "ebs_optimized": "false",
                            "ephemeral_block_device.#": "0",
                            "iam_instance_profile": "",
                            "id": "i-020b4f764009101d1",
                            "instance_state": "running",
                            "instance_type": "m4.xlarge",
                            "ipv6_addresses.#": "0",
                            "key_name": "",
                            "monitoring": "false",
                            "network_interface.#": "0",
                            "network_interface_id": "eni-a25f59fe",
                            "primary_network_interface_id": "eni-a25f59fe",
                            "private_dns": "ip-10-0-1-226.ap-northeast-2.compute.internal",
                            "private_ip": "10.0.1.226",
                            "public_dns": "",
                            "public_ip": "52.79.161.66",
                            "root_block_device.#": "1",
                            "root_block_device.0.delete_on_termination": "true",
                            "root_block_device.0.iops": "600",
                            "root_block_device.0.volume_size": "200",
                            "root_block_device.0.volume_type": "gp2",
                            "security_groups.#": "0",
                            "source_dest_check": "true",
                            "subnet_id": "subnet-1e9a4376",
                            "tags.%": "3",
                            "tags.Name": "swarm-worker-1",
                            "tags.Owner": "CE",
                            "tags.PrincipalId": "AIDAJEBC6GLEAHVI2HNPO",
                            "tenancy": "default",
                            "volume_tags.%": "2",
                            "volume_tags.Owner": "CE",
                            "volume_tags.PrincipalId": "AIDAJEBC6GLEAHVI2HNPO",
                            "vpc_security_group_ids.#": "1",
                            "vpc_security_group_ids.3794396278": "sg-ae8562c5"
                        },
                        "meta": {
                            "e2bfb730-ecaa-11e6-8f88-34363bc7c4c0": {
                                "create": 600000000000,
                                "delete": 600000000000,
                                "update": 600000000000
                            },
                            "schema_version": "1"
                        },
                        "tainted": false
                    },
                    "deposed": [],
                    "provider": ""
                },
                "aws_instance.workernode2": {
                    "type": "aws_instance",
                    "depends_on": [
                        "aws_instance.masternode",
                        "aws_instance.workernode1",
                        "aws_security_group.swarm_sg",
                        "aws_subnet.mngmt_public_subnet"
                    ],
                    "primary": {
                        "id": "i-01bedf8c9d211245c",
                        "attributes": {
                            "ami": "ami-a01dc6ce",
                            "associate_public_ip_address": "true",
                            "availability_zone": "ap-northeast-2a",
                            "disable_api_termination": "false",
                            "ebs_block_device.#": "0",
                            "ebs_optimized": "false",
                            "ephemeral_block_device.#": "0",
                            "iam_instance_profile": "",
                            "id": "i-01bedf8c9d211245c",
                            "instance_state": "running",
                            "instance_type": "m4.xlarge",
                            "ipv6_addresses.#": "0",
                            "key_name": "",
                            "monitoring": "false",
                            "network_interface.#": "0",
                            "network_interface_id": "eni-ff5b5da3",
                            "primary_network_interface_id": "eni-ff5b5da3",
                            "private_dns": "ip-10-0-1-79.ap-northeast-2.compute.internal",
                            "private_ip": "10.0.1.79",
                            "public_dns": "",
                            "public_ip": "13.124.121.253",
                            "root_block_device.#": "1",
                            "root_block_device.0.delete_on_termination": "true",
                            "root_block_device.0.iops": "600",
                            "root_block_device.0.volume_size": "200",
                            "root_block_device.0.volume_type": "gp2",
                            "security_groups.#": "0",
                            "source_dest_check": "true",
                            "subnet_id": "subnet-1e9a4376",
                            "tags.%": "1",
                            "tags.Name": "swarm-worker-2",
                            "tenancy": "default",
                            "volume_tags.%": "0",
                            "vpc_security_group_ids.#": "1",
                            "vpc_security_group_ids.3794396278": "sg-ae8562c5"
                        },
                        "meta": {
                            "e2bfb730-ecaa-11e6-8f88-34363bc7c4c0": {
                                "create": 600000000000,
                                "delete": 600000000000,
                                "update": 600000000000
                            },
                            "schema_version": "1"
                        },
                        "tainted": false
                    },
                    "deposed": [],
                    "provider": ""
                },
                "aws_internet_gateway.mngmt_igw": {
                    "type": "aws_internet_gateway",
                    "depends_on": [
                        "aws_vpc.mgmt_vpc"
                    ],
                    "primary": {
                        "id": "igw-480f5921",
                        "attributes": {
                            "id": "igw-480f5921",
                            "tags.%": "3",
                            "tags.CreatedBy": "Chella",
                            "tags.Name": "aws-terraform-mngmt-igw",
                            "tags.Project": "Agility SPARK GIGA",
                            "vpc_id": "vpc-7e68a816"
                        },
                        "meta": {},
                        "tainted": false
                    },
                    "deposed": [],
                    "provider": ""
                },
                "aws_internet_gateway.non-prod_igw": {
                    "type": "aws_internet_gateway",
                    "depends_on": [
                        "aws_vpc.non-prod_vpc"
                    ],
                    "primary": {
                        "id": "igw-b20f59db",
                        "attributes": {
                            "id": "igw-b20f59db",
                            "tags.%": "3",
                            "tags.CreatedBy": "Chella",
                            "tags.Name": "aws-terraform-nonprod-igw",
                            "tags.Project": "Agility SPARK GIGA",
                            "vpc_id": "vpc-ce66a6a6"
                        },
                        "meta": {},
                        "tainted": false
                    },
                    "deposed": [],
                    "provider": ""
                },
                "aws_internet_gateway.prod_igw": {
                    "type": "aws_internet_gateway",
                    "depends_on": [
                        "aws_vpc.prod_vpc"
                    ],
                    "primary": {
                        "id": "igw-6b0e5802",
                        "attributes": {
                            "id": "igw-6b0e5802",
                            "tags.%": "3",
                            "tags.CreatedBy": "Chella",
                            "tags.Name": "aws-terraform-prod-igw",
                            "tags.Project": "Agility SPARK GIGA",
                            "vpc_id": "vpc-1d69a975"
                        },
                        "meta": {},
                        "tainted": false
                    },
                    "deposed": [],
                    "provider": ""
                },
                "aws_route.mngmt2nonprod": {
                    "type": "aws_route",
                    "depends_on": [
                        "aws_route_table.mngmt_privatert",
                        "aws_vpc.non-prod_vpc",
                        "aws_vpc_peering_connection.Management-Non-Prod"
                    ],
                    "primary": {
                        "id": "r-rtb-42ee5b2a1389800411",
                        "attributes": {
                            "destination_cidr_block": "30.0.0.0/16",
                            "destination_prefix_list_id": "",
                            "egress_only_gateway_id": "",
                            "gateway_id": "",
                            "id": "r-rtb-42ee5b2a1389800411",
                            "instance_id": "",
                            "instance_owner_id": "",
                            "nat_gateway_id": "",
                            "network_interface_id": "",
                            "origin": "CreateRoute",
                            "route_table_id": "rtb-42ee5b2a",
                            "state": "active",
                            "vpc_peering_connection_id": "pcx-fe6ab197"
                        },
                        "meta": {},
                        "tainted": false
                    },
                    "deposed": [],
                    "provider": ""
                },
                "aws_route.mngmt2prod": {
                    "type": "aws_route",
                    "depends_on": [
                        "aws_route_table.mngmt_privatert",
                        "aws_vpc.prod_vpc",
                        "aws_vpc_peering_connection.Management-Prod"
                    ],
                    "primary": {
                        "id": "r-rtb-42ee5b2a2472047643",
                        "attributes": {
                            "destination_cidr_block": "20.0.0.0/16",
                            "destination_prefix_list_id": "",
                            "egress_only_gateway_id": "",
                            "gateway_id": "",
                            "id": "r-rtb-42ee5b2a2472047643",
                            "instance_id": "",
                            "instance_owner_id": "",
                            "nat_gateway_id": "",
                            "network_interface_id": "",
                            "origin": "CreateRoute",
                            "route_table_id": "rtb-42ee5b2a",
                            "state": "active",
                            "vpc_peering_connection_id": "pcx-556bb03c"
                        },
                        "meta": {},
                        "tainted": false
                    },
                    "deposed": [],
                    "provider": ""
                },
                "aws_route.mngmt_public_routes": {
                    "type": "aws_route",
                    "depends_on": [
                        "aws_internet_gateway.mngmt_igw",
                        "aws_route_table.mngmt_publicrt"
                    ],
                    "primary": {
                        "id": "r-rtb-84ee5bec1080289494",
                        "attributes": {
                            "destination_cidr_block": "0.0.0.0/0",
                            "destination_prefix_list_id": "",
                            "egress_only_gateway_id": "",
                            "gateway_id": "igw-480f5921",
                            "id": "r-rtb-84ee5bec1080289494",
                            "instance_id": "",
                            "instance_owner_id": "",
                            "nat_gateway_id": "",
                            "network_interface_id": "",
                            "origin": "CreateRoute",
                            "route_table_id": "rtb-84ee5bec",
                            "state": "active",
                            "vpc_peering_connection_id": ""
                        },
                        "meta": {},
                        "tainted": false
                    },
                    "deposed": [],
                    "provider": ""
                },
                "aws_route.non-prod_public_routes": {
                    "type": "aws_route",
                    "depends_on": [
                        "aws_internet_gateway.non-prod_igw",
                        "aws_route_table.non-prod_publicrt"
                    ],
                    "primary": {
                        "id": "r-rtb-f7e95c9f1080289494",
                        "attributes": {
                            "destination_cidr_block": "0.0.0.0/0",
                            "destination_prefix_list_id": "",
                            "egress_only_gateway_id": "",
                            "gateway_id": "igw-b20f59db",
                            "id": "r-rtb-f7e95c9f1080289494",
                            "instance_id": "",
                            "instance_owner_id": "",
                            "nat_gateway_id": "",
                            "network_interface_id": "",
                            "origin": "CreateRoute",
                            "route_table_id": "rtb-f7e95c9f",
                            "state": "active",
                            "vpc_peering_connection_id": ""
                        },
                        "meta": {},
                        "tainted": false
                    },
                    "deposed": [],
                    "provider": ""
                },
                "aws_route.nonprod2mngmt": {
                    "type": "aws_route",
                    "depends_on": [
                        "aws_route_table.non-prod_privatert",
                        "aws_vpc.mgmt_vpc",
                        "aws_vpc_peering_connection.Management-Non-Prod"
                    ],
                    "primary": {
                        "id": "r-rtb-aeef5ac6179966490",
                        "attributes": {
                            "destination_cidr_block": "10.0.0.0/16",
                            "destination_prefix_list_id": "",
                            "egress_only_gateway_id": "",
                            "gateway_id": "",
                            "id": "r-rtb-aeef5ac6179966490",
                            "instance_id": "",
                            "instance_owner_id": "",
                            "nat_gateway_id": "",
                            "network_interface_id": "",
                            "origin": "CreateRoute",
                            "route_table_id": "rtb-aeef5ac6",
                            "state": "active",
                            "vpc_peering_connection_id": "pcx-fe6ab197"
                        },
                        "meta": {},
                        "tainted": false
                    },
                    "deposed": [],
                    "provider": ""
                },
                "aws_route.prod2mngmt": {
                    "type": "aws_route",
                    "depends_on": [
                        "aws_route_table.prod_privatert",
                        "aws_vpc.mgmt_vpc",
                        "aws_vpc_peering_connection.Management-Prod"
                    ],
                    "primary": {
                        "id": "r-rtb-e8ef5a80179966490",
                        "attributes": {
                            "destination_cidr_block": "10.0.0.0/16",
                            "destination_prefix_list_id": "",
                            "egress_only_gateway_id": "",
                            "gateway_id": "",
                            "id": "r-rtb-e8ef5a80179966490",
                            "instance_id": "",
                            "instance_owner_id": "",
                            "nat_gateway_id": "",
                            "network_interface_id": "",
                            "origin": "CreateRoute",
                            "route_table_id": "rtb-e8ef5a80",
                            "state": "active",
                            "vpc_peering_connection_id": "pcx-556bb03c"
                        },
                        "meta": {},
                        "tainted": false
                    },
                    "deposed": [],
                    "provider": ""
                },
                "aws_route.prod_public_routes": {
                    "type": "aws_route",
                    "depends_on": [
                        "aws_internet_gateway.prod_igw",
                        "aws_route_table.prod_publicrt"
                    ],
                    "primary": {
                        "id": "r-rtb-17ef5a7f1080289494",
                        "attributes": {
                            "destination_cidr_block": "0.0.0.0/0",
                            "destination_prefix_list_id": "",
                            "egress_only_gateway_id": "",
                            "gateway_id": "igw-6b0e5802",
                            "id": "r-rtb-17ef5a7f1080289494",
                            "instance_id": "",
                            "instance_owner_id": "",
                            "nat_gateway_id": "",
                            "network_interface_id": "",
                            "origin": "CreateRoute",
                            "route_table_id": "rtb-17ef5a7f",
                            "state": "active",
                            "vpc_peering_connection_id": ""
                        },
                        "meta": {},
                        "tainted": false
                    },
                    "deposed": [],
                    "provider": ""
                },
                "aws_route_table.mngmt_privatert": {
                    "type": "aws_route_table",
                    "depends_on": [
                        "aws_vpc.mgmt_vpc"
                    ],
                    "primary": {
                        "id": "rtb-42ee5b2a",
                        "attributes": {
                            "id": "rtb-42ee5b2a",
                            "propagating_vgws.#": "0",
                            "route.#": "0",
                            "tags.%": "3",
                            "tags.CreatedBy": "Chella",
                            "tags.Name": "aws-terraform-mngmt-routetable-private",
                            "tags.Project": "Agility SPARK GIGA",
                            "vpc_id": "vpc-7e68a816"
                        },
                        "meta": {},
                        "tainted": false
                    },
                    "deposed": [],
                    "provider": ""
                },
                "aws_route_table.mngmt_publicrt": {
                    "type": "aws_route_table",
                    "depends_on": [
                        "aws_vpc.mgmt_vpc"
                    ],
                    "primary": {
                        "id": "rtb-84ee5bec",
                        "attributes": {
                            "id": "rtb-84ee5bec",
                            "propagating_vgws.#": "0",
                            "route.#": "0",
                            "tags.%": "3",
                            "tags.CreatedBy": "Chella",
                            "tags.Name": "aws-terraform-mngmt-routetable-public",
                            "tags.Project": "Agility SPARK GIGA",
                            "vpc_id": "vpc-7e68a816"
                        },
                        "meta": {},
                        "tainted": false
                    },
                    "deposed": [],
                    "provider": ""
                },
                "aws_route_table.non-prod_privatert": {
                    "type": "aws_route_table",
                    "depends_on": [
                        "aws_vpc.non-prod_vpc"
                    ],
                    "primary": {
                        "id": "rtb-aeef5ac6",
                        "attributes": {
                            "id": "rtb-aeef5ac6",
                            "propagating_vgws.#": "0",
                            "route.#": "0",
                            "tags.%": "3",
                            "tags.CreatedBy": "Chella",
                            "tags.Name": "aws-terraform-nonprod-routetable-private",
                            "tags.Project": "Agility SPARK GIGA",
                            "vpc_id": "vpc-ce66a6a6"
                        },
                        "meta": {},
                        "tainted": false
                    },
                    "deposed": [],
                    "provider": ""
                },
                "aws_route_table.non-prod_publicrt": {
                    "type": "aws_route_table",
                    "depends_on": [
                        "aws_vpc.non-prod_vpc"
                    ],
                    "primary": {
                        "id": "rtb-f7e95c9f",
                        "attributes": {
                            "id": "rtb-f7e95c9f",
                            "propagating_vgws.#": "0",
                            "route.#": "0",
                            "tags.%": "3",
                            "tags.CreatedBy": "Chella",
                            "tags.Name": "aws-terraform-nonprod-routetable-public",
                            "tags.Project": "Agility SPARK GIGA",
                            "vpc_id": "vpc-ce66a6a6"
                        },
                        "meta": {},
                        "tainted": false
                    },
                    "deposed": [],
                    "provider": ""
                },
                "aws_route_table.prod_privatert": {
                    "type": "aws_route_table",
                    "depends_on": [
                        "aws_vpc.prod_vpc"
                    ],
                    "primary": {
                        "id": "rtb-e8ef5a80",
                        "attributes": {
                            "id": "rtb-e8ef5a80",
                            "propagating_vgws.#": "0",
                            "route.#": "0",
                            "tags.%": "3",
                            "tags.CreatedBy": "Chella",
                            "tags.Name": "aws-terraform-prod-routetable-private",
                            "tags.Project": "Agility SPARK GIGA",
                            "vpc_id": "vpc-1d69a975"
                        },
                        "meta": {},
                        "tainted": false
                    },
                    "deposed": [],
                    "provider": ""
                },
                "aws_route_table.prod_publicrt": {
                    "type": "aws_route_table",
                    "depends_on": [
                        "aws_vpc.prod_vpc"
                    ],
                    "primary": {
                        "id": "rtb-17ef5a7f",
                        "attributes": {
                            "id": "rtb-17ef5a7f",
                            "propagating_vgws.#": "0",
                            "route.#": "0",
                            "tags.%": "3",
                            "tags.CreatedBy": "Chella",
                            "tags.Name": "aws-terraform-prod-routetable-public",
                            "tags.Project": "Agility SPARK GIGA",
                            "vpc_id": "vpc-1d69a975"
                        },
                        "meta": {},
                        "tainted": false
                    },
                    "deposed": [],
                    "provider": ""
                },
                "aws_route_table_association.mngmt_private.0": {
                    "type": "aws_route_table_association",
                    "depends_on": [
                        "aws_route_table.mngmt_privatert.*",
                        "aws_subnet.mngmt_private_subnet.*"
                    ],
                    "primary": {
                        "id": "rtbassoc-d9e2d2b1",
                        "attributes": {
                            "id": "rtbassoc-d9e2d2b1",
                            "route_table_id": "rtb-42ee5b2a",
                            "subnet_id": "subnet-5d9c4535"
                        },
                        "meta": {},
                        "tainted": false
                    },
                    "deposed": [],
                    "provider": ""
                },
                "aws_route_table_association.mngmt_private.1": {
                    "type": "aws_route_table_association",
                    "depends_on": [
                        "aws_route_table.mngmt_privatert.*",
                        "aws_subnet.mngmt_private_subnet.*"
                    ],
                    "primary": {
                        "id": "rtbassoc-d9e2d2b1",
                        "attributes": {
                            "id": "rtbassoc-d9e2d2b1",
                            "route_table_id": "rtb-42ee5b2a",
                            "subnet_id": "subnet-5d9c4535"
                        },
                        "meta": {},
                        "tainted": false
                    },
                    "deposed": [],
                    "provider": ""
                },
                "aws_route_table_association.mngmt_private.10": {
                    "type": "aws_route_table_association",
                    "depends_on": [
                        "aws_route_table.mngmt_privatert.*",
                        "aws_subnet.mngmt_private_subnet.*"
                    ],
                    "primary": {
                        "id": "rtbassoc-d9e2d2b1",
                        "attributes": {
                            "id": "rtbassoc-d9e2d2b1",
                            "route_table_id": "rtb-42ee5b2a",
                            "subnet_id": "subnet-5d9c4535"
                        },
                        "meta": {},
                        "tainted": false
                    },
                    "deposed": [],
                    "provider": ""
                },
                "aws_route_table_association.mngmt_private.2": {
                    "type": "aws_route_table_association",
                    "depends_on": [
                        "aws_route_table.mngmt_privatert.*",
                        "aws_subnet.mngmt_private_subnet.*"
                    ],
                    "primary": {
                        "id": "rtbassoc-d9e2d2b1",
                        "attributes": {
                            "id": "rtbassoc-d9e2d2b1",
                            "route_table_id": "rtb-42ee5b2a",
                            "subnet_id": "subnet-5d9c4535"
                        },
                        "meta": {},
                        "tainted": false
                    },
                    "deposed": [],
                    "provider": ""
                },
                "aws_route_table_association.mngmt_private.3": {
                    "type": "aws_route_table_association",
                    "depends_on": [
                        "aws_route_table.mngmt_privatert.*",
                        "aws_subnet.mngmt_private_subnet.*"
                    ],
                    "primary": {
                        "id": "rtbassoc-d9e2d2b1",
                        "attributes": {
                            "id": "rtbassoc-d9e2d2b1",
                            "route_table_id": "rtb-42ee5b2a",
                            "subnet_id": "subnet-5d9c4535"
                        },
                        "meta": {},
                        "tainted": false
                    },
                    "deposed": [],
                    "provider": ""
                },
                "aws_route_table_association.mngmt_private.4": {
                    "type": "aws_route_table_association",
                    "depends_on": [
                        "aws_route_table.mngmt_privatert.*",
                        "aws_subnet.mngmt_private_subnet.*"
                    ],
                    "primary": {
                        "id": "rtbassoc-d9e2d2b1",
                        "attributes": {
                            "id": "rtbassoc-d9e2d2b1",
                            "route_table_id": "rtb-42ee5b2a",
                            "subnet_id": "subnet-5d9c4535"
                        },
                        "meta": {},
                        "tainted": false
                    },
                    "deposed": [],
                    "provider": ""
                },
                "aws_route_table_association.mngmt_private.5": {
                    "type": "aws_route_table_association",
                    "depends_on": [
                        "aws_route_table.mngmt_privatert.*",
                        "aws_subnet.mngmt_private_subnet.*"
                    ],
                    "primary": {
                        "id": "rtbassoc-d9e2d2b1",
                        "attributes": {
                            "id": "rtbassoc-d9e2d2b1",
                            "route_table_id": "rtb-42ee5b2a",
                            "subnet_id": "subnet-5d9c4535"
                        },
                        "meta": {},
                        "tainted": false
                    },
                    "deposed": [],
                    "provider": ""
                },
                "aws_route_table_association.mngmt_private.6": {
                    "type": "aws_route_table_association",
                    "depends_on": [
                        "aws_route_table.mngmt_privatert.*",
                        "aws_subnet.mngmt_private_subnet.*"
                    ],
                    "primary": {
                        "id": "rtbassoc-d9e2d2b1",
                        "attributes": {
                            "id": "rtbassoc-d9e2d2b1",
                            "route_table_id": "rtb-42ee5b2a",
                            "subnet_id": "subnet-5d9c4535"
                        },
                        "meta": {},
                        "tainted": false
                    },
                    "deposed": [],
                    "provider": ""
                },
                "aws_route_table_association.mngmt_private.7": {
                    "type": "aws_route_table_association",
                    "depends_on": [
                        "aws_route_table.mngmt_privatert.*",
                        "aws_subnet.mngmt_private_subnet.*"
                    ],
                    "primary": {
                        "id": "rtbassoc-d9e2d2b1",
                        "attributes": {
                            "id": "rtbassoc-d9e2d2b1",
                            "route_table_id": "rtb-42ee5b2a",
                            "subnet_id": "subnet-5d9c4535"
                        },
                        "meta": {},
                        "tainted": false
                    },
                    "deposed": [],
                    "provider": ""
                },
                "aws_route_table_association.mngmt_private.8": {
                    "type": "aws_route_table_association",
                    "depends_on": [
                        "aws_route_table.mngmt_privatert.*",
                        "aws_subnet.mngmt_private_subnet.*"
                    ],
                    "primary": {
                        "id": "rtbassoc-d9e2d2b1",
                        "attributes": {
                            "id": "rtbassoc-d9e2d2b1",
                            "route_table_id": "rtb-42ee5b2a",
                            "subnet_id": "subnet-5d9c4535"
                        },
                        "meta": {},
                        "tainted": false
                    },
                    "deposed": [],
                    "provider": ""
                },
                "aws_route_table_association.mngmt_private.9": {
                    "type": "aws_route_table_association",
                    "depends_on": [
                        "aws_route_table.mngmt_privatert.*",
                        "aws_subnet.mngmt_private_subnet.*"
                    ],
                    "primary": {
                        "id": "rtbassoc-d9e2d2b1",
                        "attributes": {
                            "id": "rtbassoc-d9e2d2b1",
                            "route_table_id": "rtb-42ee5b2a",
                            "subnet_id": "subnet-5d9c4535"
                        },
                        "meta": {},
                        "tainted": false
                    },
                    "deposed": [],
                    "provider": ""
                },
                "aws_route_table_association.mngmt_public.0": {
                    "type": "aws_route_table_association",
                    "depends_on": [
                        "aws_route_table.mngmt_publicrt.*",
                        "aws_subnet.mngmt_public_subnet.*"
                    ],
                    "primary": {
                        "id": "rtbassoc-fbe0d093",
                        "attributes": {
                            "id": "rtbassoc-fbe0d093",
                            "route_table_id": "rtb-84ee5bec",
                            "subnet_id": "subnet-1e9a4376"
                        },
                        "meta": {},
                        "tainted": false
                    },
                    "deposed": [],
                    "provider": ""
                },
                "aws_route_table_association.mngmt_public.1": {
                    "type": "aws_route_table_association",
                    "depends_on": [
                        "aws_route_table.mngmt_publicrt.*",
                        "aws_subnet.mngmt_public_subnet.*"
                    ],
                    "primary": {
                        "id": "rtbassoc-fbe0d093",
                        "attributes": {
                            "id": "rtbassoc-fbe0d093",
                            "route_table_id": "rtb-84ee5bec",
                            "subnet_id": "subnet-1e9a4376"
                        },
                        "meta": {},
                        "tainted": false
                    },
                    "deposed": [],
                    "provider": ""
                },
                "aws_route_table_association.mngmt_public.10": {
                    "type": "aws_route_table_association",
                    "depends_on": [
                        "aws_route_table.mngmt_publicrt.*",
                        "aws_subnet.mngmt_public_subnet.*"
                    ],
                    "primary": {
                        "id": "rtbassoc-fbe0d093",
                        "attributes": {
                            "id": "rtbassoc-fbe0d093",
                            "route_table_id": "rtb-84ee5bec",
                            "subnet_id": "subnet-1e9a4376"
                        },
                        "meta": {},
                        "tainted": false
                    },
                    "deposed": [],
                    "provider": ""
                },
                "aws_route_table_association.mngmt_public.2": {
                    "type": "aws_route_table_association",
                    "depends_on": [
                        "aws_route_table.mngmt_publicrt.*",
                        "aws_subnet.mngmt_public_subnet.*"
                    ],
                    "primary": {
                        "id": "rtbassoc-fbe0d093",
                        "attributes": {
                            "id": "rtbassoc-fbe0d093",
                            "route_table_id": "rtb-84ee5bec",
                            "subnet_id": "subnet-1e9a4376"
                        },
                        "meta": {},
                        "tainted": false
                    },
                    "deposed": [],
                    "provider": ""
                },
                "aws_route_table_association.mngmt_public.3": {
                    "type": "aws_route_table_association",
                    "depends_on": [
                        "aws_route_table.mngmt_publicrt.*",
                        "aws_subnet.mngmt_public_subnet.*"
                    ],
                    "primary": {
                        "id": "rtbassoc-fbe0d093",
                        "attributes": {
                            "id": "rtbassoc-fbe0d093",
                            "route_table_id": "rtb-84ee5bec",
                            "subnet_id": "subnet-1e9a4376"
                        },
                        "meta": {},
                        "tainted": false
                    },
                    "deposed": [],
                    "provider": ""
                },
                "aws_route_table_association.mngmt_public.4": {
                    "type": "aws_route_table_association",
                    "depends_on": [
                        "aws_route_table.mngmt_publicrt.*",
                        "aws_subnet.mngmt_public_subnet.*"
                    ],
                    "primary": {
                        "id": "rtbassoc-fbe0d093",
                        "attributes": {
                            "id": "rtbassoc-fbe0d093",
                            "route_table_id": "rtb-84ee5bec",
                            "subnet_id": "subnet-1e9a4376"
                        },
                        "meta": {},
                        "tainted": false
                    },
                    "deposed": [],
                    "provider": ""
                },
                "aws_route_table_association.mngmt_public.5": {
                    "type": "aws_route_table_association",
                    "depends_on": [
                        "aws_route_table.mngmt_publicrt.*",
                        "aws_subnet.mngmt_public_subnet.*"
                    ],
                    "primary": {
                        "id": "rtbassoc-fbe0d093",
                        "attributes": {
                            "id": "rtbassoc-fbe0d093",
                            "route_table_id": "rtb-84ee5bec",
                            "subnet_id": "subnet-1e9a4376"
                        },
                        "meta": {},
                        "tainted": false
                    },
                    "deposed": [],
                    "provider": ""
                },
                "aws_route_table_association.mngmt_public.6": {
                    "type": "aws_route_table_association",
                    "depends_on": [
                        "aws_route_table.mngmt_publicrt.*",
                        "aws_subnet.mngmt_public_subnet.*"
                    ],
                    "primary": {
                        "id": "rtbassoc-fbe0d093",
                        "attributes": {
                            "id": "rtbassoc-fbe0d093",
                            "route_table_id": "rtb-84ee5bec",
                            "subnet_id": "subnet-1e9a4376"
                        },
                        "meta": {},
                        "tainted": false
                    },
                    "deposed": [],
                    "provider": ""
                },
                "aws_route_table_association.mngmt_public.7": {
                    "type": "aws_route_table_association",
                    "depends_on": [
                        "aws_route_table.mngmt_publicrt.*",
                        "aws_subnet.mngmt_public_subnet.*"
                    ],
                    "primary": {
                        "id": "rtbassoc-fbe0d093",
                        "attributes": {
                            "id": "rtbassoc-fbe0d093",
                            "route_table_id": "rtb-84ee5bec",
                            "subnet_id": "subnet-1e9a4376"
                        },
                        "meta": {},
                        "tainted": false
                    },
                    "deposed": [],
                    "provider": ""
                },
                "aws_route_table_association.mngmt_public.8": {
                    "type": "aws_route_table_association",
                    "depends_on": [
                        "aws_route_table.mngmt_publicrt.*",
                        "aws_subnet.mngmt_public_subnet.*"
                    ],
                    "primary": {
                        "id": "rtbassoc-fbe0d093",
                        "attributes": {
                            "id": "rtbassoc-fbe0d093",
                            "route_table_id": "rtb-84ee5bec",
                            "subnet_id": "subnet-1e9a4376"
                        },
                        "meta": {},
                        "tainted": false
                    },
                    "deposed": [],
                    "provider": ""
                },
                "aws_route_table_association.mngmt_public.9": {
                    "type": "aws_route_table_association",
                    "depends_on": [
                        "aws_route_table.mngmt_publicrt.*",
                        "aws_subnet.mngmt_public_subnet.*"
                    ],
                    "primary": {
                        "id": "rtbassoc-fbe0d093",
                        "attributes": {
                            "id": "rtbassoc-fbe0d093",
                            "route_table_id": "rtb-84ee5bec",
                            "subnet_id": "subnet-1e9a4376"
                        },
                        "meta": {},
                        "tainted": false
                    },
                    "deposed": [],
                    "provider": ""
                },
                "aws_route_table_association.non-prod_private": {
                    "type": "aws_route_table_association",
                    "depends_on": [
                        "aws_route_table.non-prod_privatert.*",
                        "aws_subnet.non-prod_private_subnet.*"
                    ],
                    "primary": {
                        "id": "rtbassoc-6be2d203",
                        "attributes": {
                            "id": "rtbassoc-6be2d203",
                            "route_table_id": "rtb-aeef5ac6",
                            "subnet_id": "subnet-886368c5"
                        },
                        "meta": {},
                        "tainted": false
                    },
                    "deposed": [],
                    "provider": ""
                },
                "aws_route_table_association.non-prod_public.0": {
                    "type": "aws_route_table_association",
                    "depends_on": [
                        "aws_route_table.non-prod_publicrt.*",
                        "aws_subnet.non-prod_public_subnet.*"
                    ],
                    "primary": {
                        "id": "rtbassoc-fae0d092",
                        "attributes": {
                            "id": "rtbassoc-fae0d092",
                            "route_table_id": "rtb-f7e95c9f",
                            "subnet_id": "subnet-e59c458d"
                        },
                        "meta": {},
                        "tainted": false
                    },
                    "deposed": [],
                    "provider": ""
                },
                "aws_route_table_association.non-prod_public.1": {
                    "type": "aws_route_table_association",
                    "depends_on": [
                        "aws_route_table.non-prod_publicrt.*",
                        "aws_subnet.non-prod_public_subnet.*"
                    ],
                    "primary": {
                        "id": "rtbassoc-6ee2d206",
                        "attributes": {
                            "id": "rtbassoc-6ee2d206",
                            "route_table_id": "rtb-f7e95c9f",
                            "subnet_id": "subnet-896368c4"
                        },
                        "meta": {},
                        "tainted": false
                    },
                    "deposed": [],
                    "provider": ""
                },
                "aws_route_table_association.prod_private": {
                    "type": "aws_route_table_association",
                    "depends_on": [
                        "aws_route_table.prod_privatert.*",
                        "aws_subnet.prod_private_subnet.*"
                    ],
                    "primary": {
                        "id": "rtbassoc-dee2d2b6",
                        "attributes": {
                            "id": "rtbassoc-dee2d2b6",
                            "route_table_id": "rtb-e8ef5a80",
                            "subnet_id": "subnet-4e9d4426"
                        },
                        "meta": {},
                        "tainted": false
                    },
                    "deposed": [],
                    "provider": ""
                },
                "aws_route_table_association.prod_public.0": {
                    "type": "aws_route_table_association",
                    "depends_on": [
                        "aws_route_table.prod_publicrt.*",
                        "aws_subnet.prod_public_subnet.*"
                    ],
                    "primary": {
                        "id": "rtbassoc-26e1d14e",
                        "attributes": {
                            "id": "rtbassoc-26e1d14e",
                            "route_table_id": "rtb-17ef5a7f",
                            "subnet_id": "subnet-5e9c4536"
                        },
                        "meta": {},
                        "tainted": false
                    },
                    "deposed": [],
                    "provider": ""
                },
                "aws_route_table_association.prod_public.1": {
                    "type": "aws_route_table_association",
                    "depends_on": [
                        "aws_route_table.prod_publicrt.*",
                        "aws_subnet.prod_public_subnet.*"
                    ],
                    "primary": {
                        "id": "rtbassoc-60e2d208",
                        "attributes": {
                            "id": "rtbassoc-60e2d208",
                            "route_table_id": "rtb-17ef5a7f",
                            "subnet_id": "subnet-a49a43cc"
                        },
                        "meta": {},
                        "tainted": false
                    },
                    "deposed": [],
                    "provider": ""
                },
                "aws_security_group.swarm_sg": {
                    "type": "aws_security_group",
                    "depends_on": [
                        "aws_vpc.mgmt_vpc"
                    ],
                    "primary": {
                        "id": "sg-ae8562c5",
                        "attributes": {
                            "description": "Security group that allows inbound and outbound traffic from all instances in the VPC",
                            "egress.#": "1",
                            "egress.482069346.cidr_blocks.#": "1",
                            "egress.482069346.cidr_blocks.0": "0.0.0.0/0",
                            "egress.482069346.from_port": "0",
                            "egress.482069346.ipv6_cidr_blocks.#": "0",
                            "egress.482069346.prefix_list_ids.#": "0",
                            "egress.482069346.protocol": "-1",
                            "egress.482069346.security_groups.#": "0",
                            "egress.482069346.self": "false",
                            "egress.482069346.to_port": "0",
                            "id": "sg-ae8562c5",
                            "ingress.#": "15",
                            "ingress.1138479083.cidr_blocks.#": "1",
                            "ingress.1138479083.cidr_blocks.0": "0.0.0.0/0",
                            "ingress.1138479083.from_port": "5985",
                            "ingress.1138479083.ipv6_cidr_blocks.#": "0",
                            "ingress.1138479083.protocol": "tcp",
                            "ingress.1138479083.security_groups.#": "0",
                            "ingress.1138479083.self": "false",
                            "ingress.1138479083.to_port": "5985",
                            "ingress.1153743230.cidr_blocks.#": "0",
                            "ingress.1153743230.from_port": "8022",
                            "ingress.1153743230.ipv6_cidr_blocks.#": "1",
                            "ingress.1153743230.ipv6_cidr_blocks.0": "::/0",
                            "ingress.1153743230.protocol": "tcp",
                            "ingress.1153743230.security_groups.#": "0",
                            "ingress.1153743230.self": "false",
                            "ingress.1153743230.to_port": "8022",
                            "ingress.2214680975.cidr_blocks.#": "1",
                            "ingress.2214680975.cidr_blocks.0": "0.0.0.0/0",
                            "ingress.2214680975.from_port": "80",
                            "ingress.2214680975.ipv6_cidr_blocks.#": "0",
                            "ingress.2214680975.protocol": "tcp",
                            "ingress.2214680975.security_groups.#": "0",
                            "ingress.2214680975.self": "false",
                            "ingress.2214680975.to_port": "80",
                            "ingress.2223400681.cidr_blocks.#": "1",
                            "ingress.2223400681.cidr_blocks.0": "0.0.0.0/0",
                            "ingress.2223400681.from_port": "3389",
                            "ingress.2223400681.ipv6_cidr_blocks.#": "0",
                            "ingress.2223400681.protocol": "tcp",
                            "ingress.2223400681.security_groups.#": "0",
                            "ingress.2223400681.self": "false",
                            "ingress.2223400681.to_port": "3389",
                            "ingress.241649732.cidr_blocks.#": "1",
                            "ingress.241649732.cidr_blocks.0": "0.0.0.0/0",
                            "ingress.241649732.from_port": "8022",
                            "ingress.241649732.ipv6_cidr_blocks.#": "0",
                            "ingress.241649732.protocol": "tcp",
                            "ingress.241649732.security_groups.#": "0",
                            "ingress.241649732.self": "false",
                            "ingress.241649732.to_port": "8022",
                            "ingress.2541437006.cidr_blocks.#": "1",
                            "ingress.2541437006.cidr_blocks.0": "0.0.0.0/0",
                            "ingress.2541437006.from_port": "22",
                            "ingress.2541437006.ipv6_cidr_blocks.#": "0",
                            "ingress.2541437006.protocol": "tcp",
                            "ingress.2541437006.security_groups.#": "0",
                            "ingress.2541437006.self": "false",
                            "ingress.2541437006.to_port": "22",
                            "ingress.2617001939.cidr_blocks.#": "1",
                            "ingress.2617001939.cidr_blocks.0": "0.0.0.0/0",
                            "ingress.2617001939.from_port": "443",
                            "ingress.2617001939.ipv6_cidr_blocks.#": "0",
                            "ingress.2617001939.protocol": "tcp",
                            "ingress.2617001939.security_groups.#": "0",
                            "ingress.2617001939.self": "false",
                            "ingress.2617001939.to_port": "443",
                            "ingress.2715662207.cidr_blocks.#": "1",
                            "ingress.2715662207.cidr_blocks.0": "0.0.0.0/0",
                            "ingress.2715662207.from_port": "8443",
                            "ingress.2715662207.ipv6_cidr_blocks.#": "0",
                            "ingress.2715662207.protocol": "tcp",
                            "ingress.2715662207.security_groups.#": "0",
                            "ingress.2715662207.self": "false",
                            "ingress.2715662207.to_port": "8443",
                            "ingress.2919652752.cidr_blocks.#": "1",
                            "ingress.2919652752.cidr_blocks.0": "0.0.0.0/0",
                            "ingress.2919652752.from_port": "2376",
                            "ingress.2919652752.ipv6_cidr_blocks.#": "0",
                            "ingress.2919652752.protocol": "tcp",
                            "ingress.2919652752.security_groups.#": "0",
                            "ingress.2919652752.self": "false",
                            "ingress.2919652752.to_port": "2376",
                            "ingress.3375845224.cidr_blocks.#": "1",
                            "ingress.3375845224.cidr_blocks.0": "0.0.0.0/0",
                            "ingress.3375845224.from_port": "5986",
                            "ingress.3375845224.ipv6_cidr_blocks.#": "0",
                            "ingress.3375845224.protocol": "tcp",
                            "ingress.3375845224.security_groups.#": "0",
                            "ingress.3375845224.self": "false",
                            "ingress.3375845224.to_port": "5986",
                            "ingress.3617726993.cidr_blocks.#": "1",
                            "ingress.3617726993.cidr_blocks.0": "0.0.0.0/0",
                            "ingress.3617726993.from_port": "2377",
                            "ingress.3617726993.ipv6_cidr_blocks.#": "0",
                            "ingress.3617726993.protocol": "tcp",
                            "ingress.3617726993.security_groups.#": "0",
                            "ingress.3617726993.self": "false",
                            "ingress.3617726993.to_port": "2377",
                            "ingress.4005920762.cidr_blocks.#": "1",
                            "ingress.4005920762.cidr_blocks.0": "0.0.0.0/0",
                            "ingress.4005920762.from_port": "4789",
                            "ingress.4005920762.ipv6_cidr_blocks.#": "0",
                            "ingress.4005920762.protocol": "udp",
                            "ingress.4005920762.security_groups.#": "0",
                            "ingress.4005920762.self": "false",
                            "ingress.4005920762.to_port": "4789",
                            "ingress.516175195.cidr_blocks.#": "1",
                            "ingress.516175195.cidr_blocks.0": "0.0.0.0/0",
                            "ingress.516175195.from_port": "8080",
                            "ingress.516175195.ipv6_cidr_blocks.#": "0",
                            "ingress.516175195.protocol": "tcp",
                            "ingress.516175195.security_groups.#": "0",
                            "ingress.516175195.self": "false",
                            "ingress.516175195.to_port": "8080",
                            "ingress.705515788.cidr_blocks.#": "1",
                            "ingress.705515788.cidr_blocks.0": "0.0.0.0/0",
                            "ingress.705515788.from_port": "7946",
                            "ingress.705515788.ipv6_cidr_blocks.#": "0",
                            "ingress.705515788.protocol": "tcp",
                            "ingress.705515788.security_groups.#": "0",
                            "ingress.705515788.self": "false",
                            "ingress.705515788.to_port": "7946",
                            "ingress.89448705.cidr_blocks.#": "1",
                            "ingress.89448705.cidr_blocks.0": "0.0.0.0/0",
                            "ingress.89448705.from_port": "7946",
                            "ingress.89448705.ipv6_cidr_blocks.#": "0",
                            "ingress.89448705.protocol": "udp",
                            "ingress.89448705.security_groups.#": "0",
                            "ingress.89448705.self": "false",
                            "ingress.89448705.to_port": "7946",
                            "name": "swarm-security-group",
                            "owner_id": "531227887946",
                            "tags.%": "1",
                            "tags.Name": "SwarmClusterSG",
                            "vpc_id": "vpc-7e68a816"
                        },
                        "meta": {},
                        "tainted": false
                    },
                    "deposed": [],
                    "provider": ""
                },
                "aws_subnet.mngmt_private_subnet": {
                    "type": "aws_subnet",
                    "depends_on": [
                        "aws_vpc.mgmt_vpc"
                    ],
                    "primary": {
                        "id": "subnet-5d9c4535",
                        "attributes": {
                            "assign_ipv6_address_on_creation": "false",
                            "availability_zone": "ap-northeast-2a",
                            "cidr_block": "10.0.2.0/24",
                            "id": "subnet-5d9c4535",
                            "map_public_ip_on_launch": "false",
                            "tags.%": "3",
                            "tags.CreatedBy": "Abhinaya",
                            "tags.Name": "Mangement-subnet-private",
                            "tags.Project": "Agility SPARK GIGA",
                            "vpc_id": "vpc-7e68a816"
                        },
                        "meta": {
                            "schema_version": "1"
                        },
                        "tainted": false
                    },
                    "deposed": [],
                    "provider": ""
                },
                "aws_subnet.mngmt_public_subnet": {
                    "type": "aws_subnet",
                    "depends_on": [
                        "aws_vpc.mgmt_vpc"
                    ],
                    "primary": {
                        "id": "subnet-1e9a4376",
                        "attributes": {
                            "assign_ipv6_address_on_creation": "false",
                            "availability_zone": "ap-northeast-2a",
                            "cidr_block": "10.0.1.0/24",
                            "id": "subnet-1e9a4376",
                            "map_public_ip_on_launch": "true",
                            "tags.%": "3",
                            "tags.CreatedBy": "Abhinaya",
                            "tags.Name": "Mangement-subnet-public",
                            "tags.Project": "Agility SPARK GIGA",
                            "vpc_id": "vpc-7e68a816"
                        },
                        "meta": {
                            "schema_version": "1"
                        },
                        "tainted": false
                    },
                    "deposed": [],
                    "provider": ""
                },
                "aws_subnet.non-prod_private_subnet": {
                    "type": "aws_subnet",
                    "depends_on": [
                        "aws_vpc.non-prod_vpc"
                    ],
                    "primary": {
                        "id": "subnet-886368c5",
                        "attributes": {
                            "assign_ipv6_address_on_creation": "false",
                            "availability_zone": "ap-northeast-2c",
                            "cidr_block": "30.0.3.0/24",
                            "id": "subnet-886368c5",
                            "map_public_ip_on_launch": "false",
                            "tags.%": "3",
                            "tags.CreatedBy": "Abhinaya",
                            "tags.Name": "NonProd-subnet-private-30.0.3.0/24",
                            "tags.Project": "Agility SPARK GIGA",
                            "vpc_id": "vpc-ce66a6a6"
                        },
                        "meta": {
                            "schema_version": "1"
                        },
                        "tainted": false
                    },
                    "deposed": [],
                    "provider": ""
                },
                "aws_subnet.non-prod_public_subnet.0": {
                    "type": "aws_subnet",
                    "depends_on": [
                        "aws_vpc.non-prod_vpc"
                    ],
                    "primary": {
                        "id": "subnet-e59c458d",
                        "attributes": {
                            "assign_ipv6_address_on_creation": "false",
                            "availability_zone": "ap-northeast-2a",
                            "cidr_block": "30.0.1.0/24",
                            "id": "subnet-e59c458d",
                            "map_public_ip_on_launch": "true",
                            "tags.%": "3",
                            "tags.CreatedBy": "Abhinaya",
                            "tags.Name": "NonProd-subnet-public-30.0.1.0/24",
                            "tags.Project": "Agility SPARK GIGA",
                            "vpc_id": "vpc-ce66a6a6"
                        },
                        "meta": {
                            "schema_version": "1"
                        },
                        "tainted": false
                    },
                    "deposed": [],
                    "provider": ""
                },
                "aws_subnet.non-prod_public_subnet.1": {
                    "type": "aws_subnet",
                    "depends_on": [
                        "aws_vpc.non-prod_vpc"
                    ],
                    "primary": {
                        "id": "subnet-896368c4",
                        "attributes": {
                            "assign_ipv6_address_on_creation": "false",
                            "availability_zone": "ap-northeast-2c",
                            "cidr_block": "30.0.2.0/24",
                            "id": "subnet-896368c4",
                            "map_public_ip_on_launch": "true",
                            "tags.%": "3",
                            "tags.CreatedBy": "Abhinaya",
                            "tags.Name": "NonProd-subnet-public-30.0.2.0/24",
                            "tags.Project": "Agility SPARK GIGA",
                            "vpc_id": "vpc-ce66a6a6"
                        },
                        "meta": {
                            "schema_version": "1"
                        },
                        "tainted": false
                    },
                    "deposed": [],
                    "provider": ""
                },
                "aws_subnet.prod_private_subnet": {
                    "type": "aws_subnet",
                    "depends_on": [
                        "aws_vpc.prod_vpc"
                    ],
                    "primary": {
                        "id": "subnet-4e9d4426",
                        "attributes": {
                            "assign_ipv6_address_on_creation": "false",
                            "availability_zone": "ap-northeast-2a",
                            "cidr_block": "20.0.3.0/24",
                            "id": "subnet-4e9d4426",
                            "map_public_ip_on_launch": "false",
                            "tags.%": "3",
                            "tags.CreatedBy": "Abhinaya",
                            "tags.Name": "Prod-subnet-private-20.0.3.0/24",
                            "tags.Project": "Agility SPARK GIGA",
                            "vpc_id": "vpc-1d69a975"
                        },
                        "meta": {
                            "schema_version": "1"
                        },
                        "tainted": false
                    },
                    "deposed": [],
                    "provider": ""
                },
                "aws_subnet.prod_public_subnet.0": {
                    "type": "aws_subnet",
                    "depends_on": [
                        "aws_vpc.prod_vpc"
                    ],
                    "primary": {
                        "id": "subnet-5e9c4536",
                        "attributes": {
                            "assign_ipv6_address_on_creation": "false",
                            "availability_zone": "ap-northeast-2a",
                            "cidr_block": "20.0.1.0/24",
                            "id": "subnet-5e9c4536",
                            "map_public_ip_on_launch": "true",
                            "tags.%": "3",
                            "tags.CreatedBy": "Abhinaya",
                            "tags.Name": "Prod-subnet-public-20.0.1.0/24",
                            "tags.Project": "Agility SPARK GIGA",
                            "vpc_id": "vpc-1d69a975"
                        },
                        "meta": {
                            "schema_version": "1"
                        },
                        "tainted": false
                    },
                    "deposed": [],
                    "provider": ""
                },
                "aws_subnet.prod_public_subnet.1": {
                    "type": "aws_subnet",
                    "depends_on": [
                        "aws_vpc.prod_vpc"
                    ],
                    "primary": {
                        "id": "subnet-a49a43cc",
                        "attributes": {
                            "assign_ipv6_address_on_creation": "false",
                            "availability_zone": "ap-northeast-2a",
                            "cidr_block": "20.0.2.0/24",
                            "id": "subnet-a49a43cc",
                            "map_public_ip_on_launch": "true",
                            "tags.%": "3",
                            "tags.CreatedBy": "Abhinaya",
                            "tags.Name": "Prod-subnet-public-20.0.2.0/24",
                            "tags.Project": "Agility SPARK GIGA",
                            "vpc_id": "vpc-1d69a975"
                        },
                        "meta": {
                            "schema_version": "1"
                        },
                        "tainted": false
                    },
                    "deposed": [],
                    "provider": ""
                },
                "aws_vpc.mgmt_vpc": {
                    "type": "aws_vpc",
                    "depends_on": [],
                    "primary": {
                        "id": "vpc-7e68a816",
                        "attributes": {
                            "assign_generated_ipv6_cidr_block": "false",
                            "cidr_block": "10.0.0.0/16",
                            "default_network_acl_id": "acl-caff5fa2",
                            "default_route_table_id": "rtb-f5e95c9d",
                            "default_security_group_id": "sg-b38463d8",
                            "dhcp_options_id": "dopt-a95dbbc0",
                            "enable_dns_hostnames": "false",
                            "enable_dns_support": "true",
                            "id": "vpc-7e68a816",
                            "instance_tenancy": "default",
                            "main_route_table_id": "rtb-f5e95c9d",
                            "tags.%": "3",
                            "tags.CreatedBy": "Chella",
                            "tags.Name": "aws-terraform-mngmt-vpc",
                            "tags.Project": "Agility SPARK GIGA"
                        },
                        "meta": {
                            "schema_version": "1"
                        },
                        "tainted": false
                    },
                    "deposed": [],
                    "provider": ""
                },
                "aws_vpc.non-prod_vpc": {
                    "type": "aws_vpc",
                    "depends_on": [],
                    "primary": {
                        "id": "vpc-ce66a6a6",
                        "attributes": {
                            "assign_generated_ipv6_cidr_block": "false",
                            "cidr_block": "30.0.0.0/16",
                            "default_network_acl_id": "acl-c9c060a1",
                            "default_route_table_id": "rtb-83ee5beb",
                            "default_security_group_id": "sg-e483648f",
                            "dhcp_options_id": "dopt-a95dbbc0",
                            "enable_dns_hostnames": "false",
                            "enable_dns_support": "true",
                            "id": "vpc-ce66a6a6",
                            "instance_tenancy": "default",
                            "main_route_table_id": "rtb-83ee5beb",
                            "tags.%": "3",
                            "tags.CreatedBy": "Chella",
                            "tags.Name": "aws-terraform-nonprod-vpc",
                            "tags.Project": "Agility SPARK GIGA"
                        },
                        "meta": {
                            "schema_version": "1"
                        },
                        "tainted": false
                    },
                    "deposed": [],
                    "provider": ""
                },
                "aws_vpc.prod_vpc": {
                    "type": "aws_vpc",
                    "depends_on": [],
                    "primary": {
                        "id": "vpc-1d69a975",
                        "attributes": {
                            "assign_generated_ipv6_cidr_block": "false",
                            "cidr_block": "20.0.0.0/16",
                            "default_network_acl_id": "acl-31c06059",
                            "default_route_table_id": "rtb-3ae95c52",
                            "default_security_group_id": "sg-af8562c4",
                            "dhcp_options_id": "dopt-a95dbbc0",
                            "enable_dns_hostnames": "false",
                            "enable_dns_support": "true",
                            "id": "vpc-1d69a975",
                            "instance_tenancy": "default",
                            "main_route_table_id": "rtb-3ae95c52",
                            "tags.%": "3",
                            "tags.CreatedBy": "Chella",
                            "tags.Name": "aws-terraform-prod-vpc",
                            "tags.Project": "Agility SPARK GIGA"
                        },
                        "meta": {
                            "schema_version": "1"
                        },
                        "tainted": false
                    },
                    "deposed": [],
                    "provider": ""
                },
                "aws_vpc_peering_connection.Management-Non-Prod": {
                    "type": "aws_vpc_peering_connection",
                    "depends_on": [
                        "aws_vpc.mgmt_vpc",
                        "aws_vpc.non-prod_vpc"
                    ],
                    "primary": {
                        "id": "pcx-fe6ab197",
                        "attributes": {
                            "accept_status": "active",
                            "accepter.#": "1",
                            "accepter.3244290774.allow_classic_link_to_remote_vpc": "false",
                            "accepter.3244290774.allow_remote_vpc_dns_resolution": "false",
                            "accepter.3244290774.allow_vpc_to_remote_classic_link": "false",
                            "auto_accept": "true",
                            "id": "pcx-fe6ab197",
                            "peer_owner_id": "531227887946",
                            "peer_vpc_id": "vpc-ce66a6a6",
                            "requester.#": "1",
                            "requester.3244290774.allow_classic_link_to_remote_vpc": "false",
                            "requester.3244290774.allow_remote_vpc_dns_resolution": "false",
                            "requester.3244290774.allow_vpc_to_remote_classic_link": "false",
                            "tags.%": "3",
                            "tags.CreatedBy": "Chella",
                            "tags.Name": "aws-terraform-management-nonprod vpc_peering",
                            "tags.Project": "Agility SPARK GIGA",
                            "vpc_id": "vpc-7e68a816"
                        },
                        "meta": {},
                        "tainted": false
                    },
                    "deposed": [],
                    "provider": ""
                },
                "aws_vpc_peering_connection.Management-Prod": {
                    "type": "aws_vpc_peering_connection",
                    "depends_on": [
                        "aws_vpc.mgmt_vpc",
                        "aws_vpc.prod_vpc"
                    ],
                    "primary": {
                        "id": "pcx-556bb03c",
                        "attributes": {
                            "accept_status": "active",
                            "accepter.#": "1",
                            "accepter.3244290774.allow_classic_link_to_remote_vpc": "false",
                            "accepter.3244290774.allow_remote_vpc_dns_resolution": "false",
                            "accepter.3244290774.allow_vpc_to_remote_classic_link": "false",
                            "auto_accept": "true",
                            "id": "pcx-556bb03c",
                            "peer_owner_id": "531227887946",
                            "peer_vpc_id": "vpc-1d69a975",
                            "requester.#": "1",
                            "requester.3244290774.allow_classic_link_to_remote_vpc": "false",
                            "requester.3244290774.allow_remote_vpc_dns_resolution": "false",
                            "requester.3244290774.allow_vpc_to_remote_classic_link": "false",
                            "tags.%": "3",
                            "tags.CreatedBy": "Chella",
                            "tags.Name": "aws-terraform-management-prod vpc_peering",
                            "tags.Project": "Agility SPARK GIGA",
                            "vpc_id": "vpc-7e68a816"
                        },
                        "meta": {},
                        "tainted": false
                    },
                    "deposed": [],
                    "provider": ""
                }
            },
            "depends_on": []
        }
    ]
}
